{
  "nodes": {
    "acsm-calibre-plugin": {
      "flake": false,
      "locked": {
        "lastModified": 1782582618,
        "narHash": "sha256-CaxX2IcaxeXVuxdkx7Ozdf+Kw9xHPbAeSzFaoWIIAAw=",
        "owner": "Leseratte10",
        "repo": "acsm-calibre-plugin",
        "rev": "336431fdce44be13514c5cc4e66e25da7ef3dc26",
        "type": "github"
      },
      "original": {
        "owner": "Leseratte10",
        "repo": "acsm-calibre-plugin",
        "rev": "336431fdce44be13514c5cc4e66e25da7ef3dc26",
        "type": "github"
      }
    },
    "dedrm-calibre-plugin": {
      "flake": false,
      "locked": {
        "lastModified": 1731266133,
        "narHash": "sha256-Hq/DBYeJ2urJtxG+MiO2L8TGZ9/kLue1DXbG4/KJFhc=",
        "owner": "noDRM",
        "repo": "DeDRM_tools",
        "rev": "7379b453199ed1ba91bf3a4ce4875d5ed3c309a9",
        "type": "github"
      },
      "original": {
        "owner": "noDRM",
        "repo": "DeDRM_tools",
        "rev": "7379b453199ed1ba91bf3a4ce4875d5ed3c309a9",
        "type": "github"
      }
    },
    "flake-parts": {
      "inputs": {
        "nixpkgs-lib": [
          "nixpkgs"
        ]
      },
      "locked": {
        "lastModified": 1782949081,
        "narHash": "sha256-vp6Y/Grm98ESt6ceOkWiHWyZRDV3J1RID4w+6NWK9yA=",
        "owner": "hercules-ci",
        "repo": "flake-parts",
        "rev": "17c9d6cdfc60c64f4ee8d306f9bc0b4ccb51481e",
        "type": "github"
      },
      "original": {
        "owner": "hercules-ci",
        "repo": "flake-parts",
        "type": "github"
      }
    },
    "nixpkgs": {
      "locked": {
        "lastModified": 1782723713,
        "narHash": "sha256-oPXCU/SSUokcGaJREHibG1CBX3+s/W7orDWQOZDsEeQ=",
        "owner": "nixos",
        "repo": "nixpkgs",
        "rev": "b5aa0fbd538984f6e3d201be0005b4463d8b09f8",
        "type": "github"
      },
      "original": {
        "owner": "nixos",
        "ref": "nixos-unstable",
        "repo": "nixpkgs",
        "type": "github"
      }
    },
    "root": {
      "inputs": {
        "acsm-calibre-plugin": "acsm-calibre-plugin",
        "dedrm-calibre-plugin": "dedrm-calibre-plugin",
        "flake-parts": "flake-parts",
        "nixpkgs": "nixpkgs"
      }
    }
  },
  "root": "root",
  "version": 7
}
